// !$*UTF8*$!
{
	archiveVersion = 1;
	classes = {
	};
	objectVersion = 50;
	objects = {

/* Begin PBXBuildFile section */
		CED8131825E81E04008D571D /* AppDelegate.swift in Sources */ = {isa = PBXBuildFile; fileRef = CED8131725E81E04008D571D /* AppDelegate.swift */; };
		CED8131A25E81E04008D571D /* SceneDelegate.swift in Sources */ = {isa = PBXBuildFile; fileRef = CED8131925E81E04008D571D /* SceneDelegate.swift */; };
		CED8131C25E81E04008D571D /* ViewController.swift in Sources */ = {isa = PBXBuildFile; fileRef = CED8131B25E81E04008D571D /* ViewController.swift */; };
		CED8131F25E81E04008D571D /* Main.storyboard in Resources */ = {isa = PBXBuildFile; fileRef = CED8131D25E81E04008D571D /* Main.storyboard */; };
		CED8132125E81E05008D571D /* Assets.xcassets in Resources */ = {isa = PBXBuildFile; fileRef = CED8132025E81E05008D571D /* Assets.xcassets */; };
		CED8132425E81E05008D571D /* LaunchScreen.storyboard in Resources */ = {isa = PBXBuildFile; fileRef = CED8132225E81E05008D571D /* LaunchScreen.storyboard */; };
		CED8132F25E81E05008D571D /* _d_earthTests.swift in Sources */ = {isa = PBXBuildFile; fileRef = CED8132E25E81E05008D571D /* _d_earthTests.swift */; };
		CED8133A25E81E05008D571D /* _d_earthUITests.swift in Sources */ = {isa = PBXBuildFile; fileRef = CED8133925E81E05008D571D /* _d_earthUITests.swift */; };
/* End PBXBuildFile section */

/* Begin PBXContainerItemProxy section */
		CED8132B25E81E05008D571D /* PBXContainerItemProxy */ = {
			isa = PBXContainerItemProxy;
			containerPortal = CED8130C25E81E04008D571D /* Project object */;
			proxyType = 1;
			remoteGlobalIDString = CED8131325E81E04008D571D;
			remoteInfo = "3d earth";
		};
		CED8133625E81E05008D571D /* PBXContainerItemProxy */ = {
			isa = PBXContainerItemProxy;
			containerPortal = CED8130C25E81E04008D571D /* Project object */;
			proxyType = 1;
			remoteGlobalIDString = CED8131325E81E04008D571D;
			remoteInfo = "3d earth";
		};
/* End PBXContainerItemProxy section */

/* Begin PBXFileReference section */
		CED8131425E81E04008D571D /* 3d earth.app */ = {isa = PBXFileReference; explicitFileType = wrapper.application; includeInIndex = 0; path = "3d earth.app"; sourceTree = BUILT_PRODUCTS_DIR; };
		CED8131725E81E04008D571D /* AppDelegate.swift */ = {isa = PBXFileReference; lastKnownFileType = sourcecode.swift; path = AppDelegate.swift; sourceTree = "<group>"; };
		CED8131925E81E04008D571D /* SceneDelegate.swift */ = {isa = PBXFileReference; lastKnownFileType = sourcecode.swift; path = SceneDelegate.swift; sourceTree = "<group>"; };
		CED8131B25E81E04008D571D /* ViewController.swift */ = {isa = PBXFileReference; lastKnownFileType = sourcecode.swift; path = ViewController.swift; sourceTree = "<group>"; };
		CED8131E25E81E04008D571D /* Base */ = {isa = PBXFileReference; lastKnownFileType = file.storyboard; name = Base; path = Base.lproj/Main.storyboard; sourceTree = "<group>"; };
		CED8132025E81E05008D571D /* Assets.xcassets */ = {isa = PBXFileReference; lastKnownFileType = folder.assetcatalog; path = Assets.xcassets; sourceTree = "<group>"; };
		CED8132325E81E05008D571D /* Base */ = {isa = PBXFileReference; lastKnownFileType = file.storyboard; name = Base; path = Base.lproj/LaunchScreen.storyboard; sourceTree = "<group>"; };
		CED8132525E81E05008D571D /* Info.plist */ = {isa = PBXFileReference; lastKnownFileType = text.plist.xml; path = Info.plist; sourceTree = "<group>"; };
		CED8132A25E81E05008D571D /* 3d earthTests.xctest */ = {isa = PBXFileReference; explicitFileType = wrapper.cfbundle; includeInIndex = 0; path = "3d earthTests.xctest"; sourceTree = BUILT_PRODUCTS_DIR; };
		CED8132E25E81E05008D571D /* _d_earthTests.swift */ = {isa = PBXFileReference; lastKnownFileType = sourcecode.swift; path = _d_earthTests.swift; sourceTree = "<group>"; };
		CED8133025E81E05008D571D /* Info.plist */ = {isa = PBXFileReference; lastKnownFileType = text.plist.xml; path = Info.plist; sourceTree = "<group>"; };
		CED8133525E81E05008D571D /* 3d earthUITests.xctest */ = {isa = PBXFileReference; explicitFileType = wrapper.cfbundle; includeInIndex = 0; path = "3d earthUITests.xctest"; sourceTree = BUILT_PRODUCTS_DIR; };
		CED8133925E81E05008D571D /* _d_earthUITests.swift */ = {isa = PBXFileReference; lastKnownFileType = sourcecode.swift; path = _d_earthUITests.swift; sourceTree = "<group>"; };
		CED8133B25E81E05008D571D /* Info.plist */ = {isa = PBXFileReference; lastKnownFileType = text.plist.xml; path = Info.plist; sourceTree = "<group>"; };
/* End PBXFileReference section */

/* Begin PBXFrameworksBuildPhase section */
		CED8131125E81E04008D571D /* Frameworks */ = {
			isa = PBXFrameworksBuildPhase;
			buildActionMask = 2147483647;
			files = (
			);
			runOnlyForDeploymentPostprocessing = 0;
		};
		CED8132725E81E05008D571D /* Frameworks */ = {
			isa = PBXFrameworksBuildPhase;
			buildActionMask = 2147483647;
			files = (
			);
			runOnlyForDeploymentPostprocessing = 0;
		};
		CED8133225E81E05008D571D /* Frameworks */ = {
			isa = PBXFrameworksBuildPhase;
			buildActionMask = 2147483647;
			files = (
			);
			runOnlyForDeploymentPostprocessing = 0;
		};
/* End PBXFrameworksBuildPhase section */

/* Begin PBXGroup section */
		CED8130B25E81E04008D571D = {
			isa = PBXGroup;
			children = (
				CED8131625E81E04008D571D /* 3d earth */,
				CED8132D25E81E05008D571D /* 3d earthTests */,
				CED8133825E81E05008D571D /* 3d earthUITests */,
				CED8131525E81E04008D571D /* Products */,
			);
			sourceTree = "<group>";
		};
		CED8131525E81E04008D571D /* Products */ = {
			isa = PBXGroup;
			children = (
				CED8131425E81E04008D571D /* 3d earth.app */,
				CED8132A25E81E05008D571D /* 3d earthTests.xctest */,
				CED8133525E81E05008D571D /* 3d earthUITests.xctest */,
			);
			name = Products;
			sourceTree = "<group>";
		};
		CED8131625E81E04008D571D /* 3d earth */ = {
			isa = PBXGroup;
			children = (
				CED8131725E81E04008D571D /* AppDelegate.swift */,
				CED8131925E81E04008D571D /* SceneDelegate.swift */,
				CED8131B25E81E04008D571D /* ViewController.swift */,
				CED8131D25E81E04008D571D /* Main.storyboard */,
				CED8132025E81E05008D571D /* Assets.xcassets */,
				CED8132225E81E05008D571D /* LaunchScreen.storyboard */,
				CED8132525E81E05008D571D /* Info.plist */,
			);
			path = "3d earth";
			sourceTree = "<group>";
		};
		CED8132D25E81E05008D571D /* 3d earthTests */ = {
			isa = PBXGroup;
			children = (
				CED8132E25E81E05008D571D /* _d_earthTests.swift */,
				CED8133025E81E05008D571D /* Info.plist */,
			);
			path = "3d earthTests";
			sourceTree = "<group>";
		};
		CED8133825E81E05008D571D /* 3d earthUITests */ = {
			isa = PBXGroup;
			children = (
				CED8133925E81E05008D571D /* _d_earthUITests.swift */,
				CED8133B25E81E05008D571D /* Info.plist */,
			);
			path = "3d earthUITests";
			sourceTree = "<group>";
		};
/* End PBXGroup section */

/* Begin PBXNativeTarget section */
		CED8131325E81E04008D571D /* 3d earth */ = {
			isa = PBXNativeTarget;
			buildConfigurationList = CED8133E25E81E05008D571D /* Build configuration list for PBXNativeTarget "3d earth" */;
			buildPhases = (
				CED8131025E81E04008D571D /* Sources */,
				CED8131125E81E04008D571D /* Frameworks */,
				CED8131225E81E04008D571D /* Resources */,
			);
			buildRules = (
			);
			dependencies = (
			);
			name = "3d earth";
			productName = "3d earth";
			productReference = CED8131425E81E04008D571D /* 3d earth.app */;
			productType = "com.apple.product-type.application";
		};
		CED8132925E81E05008D571D /* 3d earthTests */ = {
			isa = PBXNativeTarget;
			buildConfigurationList = CED8134125E81E05008D571D /* Build configuration list for PBXNativeTarget "3d earthTests" */;
			buildPhases = (
				CED8132625E81E05008D571D /* Sources */,
				CED8132725E81E05008D571D /* Frameworks */,
				CED8132825E81E05008D571D /* Resources */,
			);
			buildRules = (
			);
			dependencies = (
				CED8132C25E81E05008D571D /* PBXTargetDependency */,
			);
			name = "3d earthTests";
			productName = "3d earthTests";
			productReference = CED8132A25E81E05008D571D /* 3d earthTests.xctest */;
			productType = "com.apple.product-type.bundle.unit-test";
		};
		CED8133425E81E05008D571D /* 3d earthUITests */ = {
			isa = PBXNativeTarget;
			buildConfigurationList = CED8134425E81E05008D571D /* Build configuration list for PBXNativeTarget "3d earthUITests" */;
			buildPhases = (
				CED8133125E81E05008D571D /* Sources */,
				CED8133225E81E05008D571D /* Frameworks */,
				CED8133325E81E05008D571D /* Resources */,
			);
			buildRules = (
			);
			dependencies = (
				CED8133725E81E05008D571D /* PBXTargetDependency */,
			);
			name = "3d earthUITests";
			productName = "3d earthUITests";
			productReference = CED8133525E81E05008D571D /* 3d earthUITests.xctest */;
			productType = "com.apple.product-type.bundle.ui-testing";
		};
/* End PBXNativeTarget section */

/* Begin PBXProject section */
		CED8130C25E81E04008D571D /* Project object */ = {
			isa = PBXProject;
			attributes = {
				LastSwiftUpdateCheck = 1230;
				LastUpgradeCheck = 1230;
				TargetAttributes = {
					CED8131325E81E04008D571D = {
						CreatedOnToolsVersion = 12.3;
					};
					CED8132925E81E05008D571D = {
						CreatedOnToolsVersion = 12.3;
						TestTargetID = CED8131325E81E04008D571D;
					};
					CED8133425E81E05008D571D = {
						CreatedOnToolsVersion = 12.3;
						TestTargetID = CED8131325E81E04008D571D;
					};
				};
			};
			buildConfigurationList = CED8130F25E81E04008D571D /* Build configuration list for PBXProject "3d earth" */;
			compatibilityVersion = "Xcode 9.3";
			developmentRegion = en;
			hasScannedForEncodings = 0;
			knownRegions = (
				en,
				Base,
			);
			mainGroup = CED8130B25E81E04008D571D;
			productRefGroup = CED8131525E81E04008D571D /* Products */;
			projectDirPath = "";
			projectRoot = "";
			targets = (
				CED8131325E81E04008D571D /* 3d earth */,
				CED8132925E81E05008D571D /* 3d earthTests */,
				CED8133425E81E05008D571D /* 3d earthUITests */,
			);
		};
/* End PBXProject section */

/* Begin PBXResourcesBuildPhase section */
		CED8131225E81E04008D571D /* Resources */ = {
			isa = PBXResourcesBuildPhase;
			buildActionMask = 2147483647;
			files = (
				CED8132425E81E05008D571D /* LaunchScreen.storyboard in Resources */,
				CED8132125E81E05008D571D /* Assets.xcassets in Resources */,
				CED8131F25E81E04008D571D /* Main.storyboard in Resources */,
			);
			runOnlyForDeploymentPostprocessing = 0;
		};
		CED8132825E81E05008D571D /* Resources */ = {
			isa = PBXResourcesBuildPhase;
			buildActionMask = 2147483647;
			files = (
			);
			runOnlyForDeploymentPostprocessing = 0;
		};
		CED8133325E81E05008D571D /* Resources */ = {
			isa = PBXResourcesBuildPhase;
			buildActionMask = 2147483647;
			files = (
			);
			runOnlyForDeploymentPostprocessing = 0;
		};
/* End PBXResourcesBuildPhase section */

/* Begin PBXSourcesBuildPhase section */
		CED8131025E81E04008D571D /* Sources */ = {
			isa = PBXSourcesBuildPhase;
			buildActionMask = 2147483647;
			files = (
				CED8131C25E81E04008D571D /* ViewController.swift in Sources */,
				CED8131825E81E04008D571D /* AppDelegate.swift in Sources */,
				CED8131A25E81E04008D571D /* SceneDelegate.swift in Sources */,
			);
			runOnlyForDeploymentPostprocessing = 0;
		};
		CED8132625E81E05008D571D /* Sources */ = {
			isa = PBXSourcesBuildPhase;
			buildActionMask = 2147483647;
			files = (
				CED8132F25E81E05008D571D /* _d_earthTests.swift in Sources */,
			);
			runOnlyForDeploymentPostprocessing = 0;
		};
		CED8133125E81E05008D571D /* Sources */ = {
			isa = PBXSourcesBuildPhase;
			buildActionMask = 2147483647;
			files = (
				CED8133A25E81E05008D571D /* _d_earthUITests.swift in Sources */,
			);
			runOnlyForDeploymentPostprocessing = 0;
		};
/* End PBXSourcesBuildPhase section */

/* Begin PBXTargetDependency section */
		CED8132C25E81E05008D571D /* PBXTargetDependency */ = {
			isa = PBXTargetDependency;
			target = CED8131325E81E04008D571D /* 3d earth */;
			targetProxy = CED8132B25E81E05008D571D /* PBXContainerItemProxy */;
		};
		CED8133725E81E05008D571D /* PBXTargetDependency */ = {
			isa = PBXTargetDependency;
			target = CED8131325E81E04008D571D /* 3d earth */;
			targetProxy = CED8133625E81E05008D571D /* PBXContainerItemProxy */;
		};
/* End PBXTargetDependency section */

/* Begin PBXVariantGroup section */
		CED8131D25E81E04008D571D /* Main.storyboard */ = {
			isa = PBXVariantGroup;
			children = (
				CED8131E25E81E04008D571D /* Base */,
			);
			name = Main.storyboard;
			sourceTree = "<group>";
		};
		CED8132225E81E05008D571D /* LaunchScreen.storyboard */ = {
			isa = PBXVariantGroup;
			children = (
				CED8132325E81E05008D571D /* Base */,
			);
			name = LaunchScreen.storyboard;
			sourceTree = "<group>";
		};
/* End PBXVariantGroup section */

/* Begin XCBuildConfiguration section */
		CED8133C25E81E05008D571D /* Debug */ = {
			isa = XCBuildConfiguration;
			buildSettings = {
				ALWAYS_SEARCH_USER_PATHS = NO;
				CLANG_ANALYZER_NONNULL = YES;
				CLANG_ANALYZER_NUMBER_OBJECT_CONVERSION = YES_AGGRESSIVE;
				CLANG_CXX_LANGUAGE_STANDARD = "gnu++14";
				CLANG_CXX_LIBRARY = "libc++";
				CLANG_ENABLE_MODULES = YES;
				CLANG_ENABLE_OBJC_ARC = YES;
				CLANG_ENABLE_OBJC_WEAK = YES;
				CLANG_WARN_BLOCK_CAPTURE_AUTORELEASING = YES;
				CLANG_WARN_BOOL_CONVERSION = YES;
				CLANG_WARN_COMMA = YES;
				CLANG_WARN_CONSTANT_CONVERSION = YES;
				CLANG_WARN_DEPRECATED_OBJC_IMPLEMENTATIONS = YES;
				CLANG_WARN_DIRECT_OBJC_ISA_USAGE = YES_ERROR;
				CLANG_WARN_DOCUMENTATION_COMMENTS = YES;
				CLANG_WARN_EMPTY_BODY = YES;
				CLANG_WARN_ENUM_CONVERSION = YES;
				CLANG_WARN_INFINITE_RECURSION = YES;
				CLANG_WARN_INT_CONVERSION = YES;
				CLANG_WARN_NON_LITERAL_NULL_CONVERSION = YES;
				CLANG_WARN_OBJC_IMPLICIT_RETAIN_SELF = YES;
				CLANG_WARN_OBJC_LITERAL_CONVERSION = YES;
				CLANG_WARN_OBJC_ROOT_CLASS = YES_ERROR;
				CLANG_WARN_QUOTED_INCLUDE_IN_FRAMEWORK_HEADER = YES;
				CLANG_WARN_RANGE_LOOP_ANALYSIS = YES;
				CLANG_WARN_STRICT_PROTOTYPES = YES;
				CLANG_WARN_SUSPICIOUS_MOVE = YES;
				CLANG_WARN_UNGUARDED_AVAILABILITY = YES_AGGRESSIVE;
				CLANG_WARN_UNREACHABLE_CODE = YES;
				CLANG_WARN__DUPLICATE_METHOD_MATCH = YES;
				COPY_PHASE_STRIP = NO;
				DEBUG_INFORMATION_FORMAT = dwarf;
				ENABLE_STRICT_OBJC_MSGSEND = YES;
				ENABLE_TESTABILITY = YES;
				GCC_C_LANGUAGE_STANDARD = gnu11;
				GCC_DYNAMIC_NO_PIC = NO;
				GCC_NO_COMMON_BLOCKS = YES;
				GCC_OPTIMIZATION_LEVEL = 0;
				GCC_PREPROCESSOR_DEFINITIONS = (
					"DEBUG=1",
					"$(inherited)",
				);
				GCC_WARN_64_TO_32_BIT_CONVERSION = YES;
				GCC_WARN_ABOUT_RETURN_TYPE = YES_ERROR;
				GCC_WARN_UNDECLARED_SELECTOR = YES;
				GCC_WARN_UNINITIALIZED_AUTOS = YES_AGGRESSIVE;
				GCC_WARN_UNUSED_FUNCTION = YES;
				GCC_WARN_UNUSED_VARIABLE = YES;
				IPHONEOS_DEPLOYMENT_TARGET = 14.3;
				MTL_ENABLE_DEBUG_INFO = INCLUDE_SOURCE;
				MTL_FAST_MATH = YES;
				ONLY_ACTIVE_ARCH = YES;
				SDKROOT = iphoneos;
				SWIFT_ACTIVE_COMPILATION_CONDITIONS = DEBUG;
				SWIFT_OPTIMIZATION_LEVEL = "-Onone";
			};
			name = Debug;
		};
		CED8133D25E81E05008D571D /* Release */ = {
			isa = XCBuildConfiguration;
			buildSettings = {
				ALWAYS_SEARCH_USER_PATHS = NO;
				CLANG_ANALYZER_NONNULL = YES;
				CLANG_ANALYZER_NUMBER_OBJECT_CONVERSION = YES_AGGRESSIVE;
				CLANG_CXX_LANGUAGE_STANDARD = "gnu++14";
				CLANG_CXX_LIBRARY = "libc++";
				CLANG_ENABLE_MODULES = YES;
				CLANG_ENABLE_OBJC_ARC = YES;
				CLANG_ENABLE_OBJC_WEAK = YES;
				CLANG_WARN_BLOCK_CAPTURE_AUTORELEASING = YES;
				CLANG_WARN_BOOL_CONVERSION = YES;
				CLANG_WARN_COMMA = YES;
				CLANG_WARN_CONSTANT_CONVERSION = YES;
				CLANG_WARN_DEPRECATED_OBJC_IMPLEMENTATIONS = YES;
				CLANG_WARN_DIRECT_OBJC_ISA_USAGE = YES_ERROR;
				CLANG_WARN_DOCUMENTATION_COMMENTS = YES;
				CLANG_WARN_EMPTY_BODY = YES;
				CLANG_WARN_ENUM_CONVERSION = YES;
				CLANG_WARN_INFINITE_RECURSION = YES;
				CLANG_WARN_INT_CONVERSION = YES;
				CLANG_WARN_NON_LITERAL_NULL_CONVERSION = YES;
				CLANG_WARN_OBJC_IMPLICIT_RETAIN_SELF = YES;
				CLANG_WARN_OBJC_LITERAL_CONVERSION = YES;
				CLANG_WARN_OBJC_ROOT_CLASS = YES_ERROR;
				CLANG_WARN_QUOTED_INCLUDE_IN_FRAMEWORK_HEADER = YES;
				CLANG_WARN_RANGE_LOOP_ANALYSIS = YES;
				CLANG_WARN_STRICT_PROTOTYPES = YES;
				CLANG_WARN_SUSPICIOUS_MOVE = YES;
				CLANG_WARN_UNGUARDED_AVAILABILITY = YES_AGGRESSIVE;
				CLANG_WARN_UNREACHABLE_CODE = YES;
				CLANG_WARN__DUPLICATE_METHOD_MATCH = YES;
				COPY_PHASE_STRIP = NO;
				DEBUG_INFORMATION_FORMAT = "dwarf-with-dsym";
				ENABLE_NS_ASSERTIONS = NO;
				ENABLE_STRICT_OBJC_MSGSEND = YES;
				GCC_C_LANGUAGE_STANDARD = gnu11;
				GCC_NO_COMMON_BLOCKS = YES;
				GCC_WARN_64_TO_32_BIT_CONVERSION = YES;
				GCC_WARN_ABOUT_RETURN_TYPE = YES_ERROR;
				GCC_WARN_UNDECLARED_SELECTOR = YES;
				GCC_WARN_UNINITIALIZED_AUTOS = YES_AGGRESSIVE;
				GCC_WARN_UNUSED_FUNCTION = YES;
				GCC_WARN_UNUSED_VARIABLE = YES;
				IPHONEOS_DEPLOYMENT_TARGET = 14.3;
				MTL_ENABLE_DEBUG_INFO = NO;
				MTL_FAST_MATH = YES;
				SDKROOT = iphoneos;
				SWIFT_COMPILATION_MODE = wholemodule;
				SWIFT_OPTIMIZATION_LEVEL = "-O";
				VALIDATE_PRODUCT = YES;
			};
			name = Release;
		};
		CED8133F25E81E05008D571D /* Debug */ = {
			isa = XCBuildConfiguration;
			buildSettings = {
				ASSETCATALOG_COMPILER_APPICON_NAME = AppIcon;
				ASSETCATALOG_COMPILER_GLOBAL_ACCENT_COLOR_NAME = AccentColor;
				CODE_SIGN_STYLE = Automatic;
				DEVELOPMENT_TEAM = 6R24A423ZF;
				INFOPLIST_FILE = "3d earth/Info.plist";
				LD_RUNPATH_SEARCH_PATHS = (
					"$(inherited)",
					"@executable_path/Frameworks",
				);
				PRODUCT_BUNDLE_IDENTIFIER = "unt.-d-earth";
				PRODUCT_NAME = "$(TARGET_NAME)";
				SWIFT_VERSION = 5.0;
				TARGETED_DEVICE_FAMILY = "1,2";
			};
			name = Debug;
		};
		CED8134025E81E05008D571D /* Release */ = {
			isa = XCBuildConfiguration;
			buildSettings = {
				ASSETCATALOG_COMPILER_APPICON_NAME = AppIcon;
				ASSETCATALOG_COMPILER_GLOBAL_ACCENT_COLOR_NAME = AccentColor;
				CODE_SIGN_STYLE = Automatic;
				DEVELOPMENT_TEAM = 6R24A423ZF;
				INFOPLIST_FILE = "3d earth/Info.plist";
				LD_RUNPATH_SEARCH_PATHS = (
					"$(inherited)",
					"@executable_path/Frameworks",
				);
				PRODUCT_BUNDLE_IDENTIFIER = "unt.-d-earth";
				PRODUCT_NAME = "$(TARGET_NAME)";
				SWIFT_VERSION = 5.0;
				TARGETED_DEVICE_FAMILY = "1,2";
			};
			name = Release;
		};
		CED8134225E81E05008D571D /* Debug */ = {
			isa = XCBuildConfiguration;
			buildSettings = {
				ALWAYS_EMBED_SWIFT_STANDARD_LIBRARIES = YES;
				BUNDLE_LOADER = "$(TEST_HOST)";
				CODE_SIGN_STYLE = Automatic;
				DEVELOPMENT_TEAM = 6R24A423ZF;
				INFOPLIST_FILE = "3d earthTests/Info.plist";
				IPHONEOS_DEPLOYMENT_TARGET = 14.3;
				LD_RUNPATH_SEARCH_PATHS = (
					"$(inherited)",
					"@executable_path/Frameworks",
					"@loader_path/Frameworks",
				);
				PRODUCT_BUNDLE_IDENTIFIER = "unt.-d-earthTests";
				PRODUCT_NAME = "$(TARGET_NAME)";
				SWIFT_VERSION = 5.0;
				TARGETED_DEVICE_FAMILY = "1,2";
				TEST_HOST = "$(BUILT_PRODUCTS_DIR)/3d earth.app/3d earth";
			};
			name = Debug;
		};
		CED8134325E81E05008D571D /* Release */ = {
			isa = XCBuildConfiguration;
			buildSettings = {
				ALWAYS_EMBED_SWIFT_STANDARD_LIBRARIES = YES;
				BUNDLE_LOADER = "$(TEST_HOST)";
				CODE_SIGN_STYLE = Automatic;
				DEVELOPMENT_TEAM = 6R24A423ZF;
				INFOPLIST_FILE = "3d earthTests/Info.plist";
				IPHONEOS_DEPLOYMENT_TARGET = 14.3;
				LD_RUNPATH_SEARCH_PATHS = (
					"$(inherited)",
					"@executable_path/Frameworks",
					"@loader_path/Frameworks",
				);
				PRODUCT_BUNDLE_IDENTIFIER = "unt.-d-earthTests";
				PRODUCT_NAME = "$(TARGET_NAME)";
				SWIFT_VERSION = 5.0;
				TARGETED_DEVICE_FAMILY = "1,2";
				TEST_HOST = "$(BUILT_PRODUCTS_DIR)/3d earth.app/3d earth";
			};
			name = Release;
		};
		CED8134525E81E05008D571D /* Debug */ = {
			isa = XCBuildConfiguration;
			buildSettings = {
				ALWAYS_EMBED_SWIFT_STANDARD_LIBRARIES = YES;
				CODE_SIGN_STYLE = Automatic;
				DEVELOPMENT_TEAM = 6R24A423ZF;
				INFOPLIST_FILE = "3d earthUITests/Info.plist";
				LD_RUNPATH_SEARCH_PATHS = (
					"$(inherited)",
					"@executable_path/Frameworks",
					"@loader_path/Frameworks",
				);
				PRODUCT_BUNDLE_IDENTIFIER = "unt.-d-earthUITests";
				PRODUCT_NAME = "$(TARGET_NAME)";
				SWIFT_VERSION = 5.0;
				TARGETED_DEVICE_FAMILY = "1,2";
				TEST_TARGET_NAME = "3d earth";
			};
			name = Debug;
		};
		CED8134625E81E05008D571D /* Release */ = {
			isa = XCBuildConfiguration;
			buildSettings = {
				ALWAYS_EMBED_SWIFT_STANDARD_LIBRARIES = YES;
				CODE_SIGN_STYLE = Automatic;
				DEVELOPMENT_TEAM = 6R24A423ZF;
				INFOPLIST_FILE = "3d earthUITests/Info.plist";
				LD_RUNPATH_SEARCH_PATHS = (
					"$(inherited)",
					"@executable_path/Frameworks",
					"@loader_path/Frameworks",
				);
				PRODUCT_BUNDLE_IDENTIFIER = "unt.-d-earthUITests";
				PRODUCT_NAME = "$(TARGET_NAME)";
				SWIFT_VERSION = 5.0;
				TARGETED_DEVICE_FAMILY = "1,2";
				TEST_TARGET_NAME = "3d earth";
			};
			name = Release;
		};
/* End XCBuildConfiguration section */

/* Begin XCConfigurationList section */
		CED8130F25E81E04008D571D /* Build configuration list for PBXProject "3d earth" */ = {
			isa = XCConfigurationList;
			buildConfigurations = (
				CED8133C25E81E05008D571D /* Debug */,
				CED8133D25E81E05008D571D /* Release */,
			);
			defaultConfigurationIsVisible = 0;
			defaultConfigurationName = Release;
		};
		CED8133E25E81E05008D571D /* Build configuration list for PBXNativeTarget "3d earth" */ = {
			isa = XCConfigurationList;
			buildConfigurations = (
				CED8133F25E81E05008D571D /* Debug */,
				CED8134025E81E05008D571D /* Release */,
			);
			defaultConfigurationIsVisible = 0;
			defaultConfigurationName = Release;
		};
		CED8134125E81E05008D571D /* Build configuration list for PBXNativeTarget "3d earthTests" */ = {
			isa = XCConfigurationList;
			buildConfigurations = (
				CED8134225E81E05008D571D /* Debug */,
				CED8134325E81E05008D571D /* Release */,
			);
			defaultConfigurationIsVisible = 0;
			defaultConfigurationName = Release;
		};
		CED8134425E81E05008D571D /* Build configuration list for PBXNativeTarget "3d earthUITests" */ = {
			isa = XCConfigurationList;
			buildConfigurations = (
				CED8134525E81E05008D571D /* Debug */,
				CED8134625E81E05008D571D /* Release */,
			);
			defaultConfigurationIsVisible = 0;
			defaultConfigurationName = Release;
		};
/* End XCConfigurationList section */
	};
	rootObject = CED8130C25E81E04008D571D /* Project object */;
}
